
Microsoft Visual Studio Solution File, Format Version 12.00
# Visual Studio Version 16
VisualStudioVersion = 16.0.29926.136
MinimumVisualStudioVersion = 10.0.40219.1
Project("{FAE04EC0-301F-11D3-BF4B-00C04F79EFBC}") = "TP-OH-AdminControlPanel", "TP-OH-AdminControlPanel\TP-OH-AdminControlPanel.csproj", "{72947D6B-48B6-4032-B45C-3602EA034EFC}"
EndProject
Global
	GlobalSection(SolutionConfigurationPlatforms) = preSolution
		Debug|Any CPU = Debug|Any CPU
		Release|Any CPU = Release|Any CPU
	EndGlobalSection
	GlobalSection(ProjectConfigurationPlatforms) = postSolution
		{72947D6B-48B6-4032-B45C-3602EA034EFC}.Debug|Any CPU.ActiveCfg = Debug|Any CPU
		{72947D6B-48B6-4032-B45C-3602EA034EFC}.Debug|Any CPU.Build.0 = Debug|Any CPU
		{72947D6B-48B6-4032-B45C-3602EA034EFC}.Release|Any CPU.ActiveCfg = Release|Any CPU
		{72947D6B-48B6-4032-B45C-3602EA034EFC}.Release|Any CPU.Build.0 = Release|Any CPU
	EndGlobalSection
	GlobalSection(SolutionProperties) = preSolution
		HideSolutionNode = FALSE
	EndGlobalSection
	GlobalSection(ExtensibilityGlobals) = postSolution
		SolutionGuid = {19BB13C0-6327-445F-A1F8-B1A91A7ECD00}
	EndGlobalSection
EndGlobal
